
Microsoft Visual Studio Solution File, Format Version 12.00
# Visual Studio Express 15 for Windows Desktop
VisualStudioVersion = 15.0.28307.779
MinimumVisualStudioVersion = 10.0.40219.1
Project("{FAE04EC0-301F-11D3-BF4B-00C04F79EFBC}") = "Ejercicio_3", "ConsoleApp1\Ejercicio_3.csproj", "{FBE2B8E0-FD8C-45EB-96C4-1A2318FE2EE8}"
EndProject
Global
	GlobalSection(SolutionConfigurationPlatforms) = preSolution
		Debug|Any CPU = Debug|Any CPU
		Release|Any CPU = Release|Any CPU
	EndGlobalSection
	GlobalSection(ProjectConfigurationPlatforms) = postSolution
		{FBE2B8E0-FD8C-45EB-96C4-1A2318FE2EE8}.Debug|Any CPU.ActiveCfg = Debug|Any CPU
		{FBE2B8E0-FD8C-45EB-96C4-1A2318FE2EE8}.Debug|Any CPU.Build.0 = Debug|Any CPU
		{FBE2B8E0-FD8C-45EB-96C4-1A2318FE2EE8}.Release|Any CPU.ActiveCfg = Release|Any CPU
		{FBE2B8E0-FD8C-45EB-96C4-1A2318FE2EE8}.Release|Any CPU.Build.0 = Release|Any CPU
	EndGlobalSection
	GlobalSection(SolutionProperties) = preSolution
		HideSolutionNode = FALSE
	EndGlobalSection
	GlobalSection(ExtensibilityGlobals) = postSolution
		SolutionGuid = {DB067A50-5D10-4587-9469-5CBCA179A235}
	EndGlobalSection
EndGlobal
