
Microsoft Visual Studio Solution File, Format Version 12.00
# Visual Studio 15
VisualStudioVersion = 15.0.27703.2047
MinimumVisualStudioVersion = 10.0.40219.1
Project("{FAE04EC0-301F-11D3-BF4B-00C04F79EFBC}") = "Ejercicio_2", "Ejercicio_2\Ejercicio_2.csproj", "{EB3B3734-0903-4229-9200-BEF50037195D}"
EndProject
Global
	GlobalSection(SolutionConfigurationPlatforms) = preSolution
		Debug|Any CPU = Debug|Any CPU
		Release|Any CPU = Release|Any CPU
	EndGlobalSection
	GlobalSection(ProjectConfigurationPlatforms) = postSolution
		{EB3B3734-0903-4229-9200-BEF50037195D}.Debug|Any CPU.ActiveCfg = Debug|Any CPU
		{EB3B3734-0903-4229-9200-BEF50037195D}.Debug|Any CPU.Build.0 = Debug|Any CPU
		{EB3B3734-0903-4229-9200-BEF50037195D}.Release|Any CPU.ActiveCfg = Release|Any CPU
		{EB3B3734-0903-4229-9200-BEF50037195D}.Release|Any CPU.Build.0 = Release|Any CPU
	EndGlobalSection
	GlobalSection(SolutionProperties) = preSolution
		HideSolutionNode = FALSE
	EndGlobalSection
	GlobalSection(ExtensibilityGlobals) = postSolution
		SolutionGuid = {9770DB7C-6A30-412E-85F5-A0DBE2C5DAEE}
	EndGlobalSection
EndGlobal
